
Microsoft Visual Studio Solution File, Format Version 12.00
# Visual Studio 14
VisualStudioVersion = 14.0.23107.0
MinimumVisualStudioVersion = 10.0.40219.1
Project("{8BC9CEB8-8B4A-11D0-8D11-00A0C91BC942}") = "ch1", "ch1\ch1.vcxproj", "{B68B679A-2D21-4386-97C6-8BC4BBD6D77C}"
EndProject
Project("{8BC9CEB8-8B4A-11D0-8D11-00A0C91BC942}") = "ch2", "ch2\ch2.vcxproj", "{93562B6D-929A-4DC8-B456-69B55E62CB44}"
EndProject
Project("{8BC9CEB8-8B4A-11D0-8D11-00A0C91BC942}") = "ch3", "ch3\ch3.vcxproj", "{232E9946-8C33-4CE9-87D6-A271FBC28C71}"
EndProject
Project("{8BC9CEB8-8B4A-11D0-8D11-00A0C91BC942}") = "ch4", "ch4\ch4.vcxproj", "{7C2E4540-2D76-435F-84C0-9341715073B5}"
EndProject
Project("{8BC9CEB8-8B4A-11D0-8D11-00A0C91BC942}") = "ch5", "ch5\ch5.vcxproj", "{11FE3B51-9352-416D-AE84-41670742B26B}"
EndProject
Project("{8BC9CEB8-8B4A-11D0-8D11-00A0C91BC942}") = "ch6", "ch6\ch6.vcxproj", "{7E3C6C26-EA0D-43F2-8F06-C2465DE47538}"
EndProject
Project("{8BC9CEB8-8B4A-11D0-8D11-00A0C91BC942}") = "ch7", "ch7\ch7.vcxproj", "{63E04876-1303-4071-BBD7-AD65B3BD8E59}"
EndProject
Project("{8BC9CEB8-8B4A-11D0-8D11-00A0C91BC942}") = "ch8", "ch8\ch8.vcxproj", "{E429FB44-8F74-40A4-B93A-226393FD4C9C}"
EndProject
Project("{8BC9CEB8-8B4A-11D0-8D11-00A0C91BC942}") = "ch9", "ch9\ch9.vcxproj", "{76E9C933-28F7-4A15-BBC1-86D9E26BF6FB}"
EndProject
Project("{8BC9CEB8-8B4A-11D0-8D11-00A0C91BC942}") = "ch10", "ch10\ch10.vcxproj", "{8F32E349-2B31-4492-8760-CF18C5EA8B48}"
EndProject
Project("{8BC9CEB8-8B4A-11D0-8D11-00A0C91BC942}") = "ch11", "ch11\ch11.vcxproj", "{FD78F241-61E1-4B61-99F2-EA91861EEA02}"
EndProject
Project("{8BC9CEB8-8B4A-11D0-8D11-00A0C91BC942}") = "ch12", "ch12\ch12.vcxproj", "{8F948F29-80F4-429A-A326-43EE548B5188}"
EndProject
Project("{8BC9CEB8-8B4A-11D0-8D11-00A0C91BC942}") = "ch13", "ch13\ch13.vcxproj", "{418420D4-B119-47CB-95CB-0CF6B3EF670D}"
EndProject
Project("{8BC9CEB8-8B4A-11D0-8D11-00A0C91BC942}") = "ch14", "ch14\ch14.vcxproj", "{4952DE10-1282-4BF9-A6E1-56FF8362D58D}"
EndProject
Global
	GlobalSection(SolutionConfigurationPlatforms) = preSolution
		Debug|ARM = Debug|ARM
		Debug|Win32 = Debug|Win32
		Debug|x64 = Debug|x64
		Release|ARM = Release|ARM
		Release|Win32 = Release|Win32
		Release|x64 = Release|x64
	EndGlobalSection
	GlobalSection(ProjectConfigurationPlatforms) = postSolution
		{B68B679A-2D21-4386-97C6-8BC4BBD6D77C}.Debug|ARM.ActiveCfg = Debug|Win32
		{B68B679A-2D21-4386-97C6-8BC4BBD6D77C}.Debug|Win32.ActiveCfg = Debug|Win32
		{B68B679A-2D21-4386-97C6-8BC4BBD6D77C}.Debug|Win32.Build.0 = Debug|Win32
		{B68B679A-2D21-4386-97C6-8BC4BBD6D77C}.Debug|x64.ActiveCfg = Debug|Win32
		{B68B679A-2D21-4386-97C6-8BC4BBD6D77C}.Release|ARM.ActiveCfg = Release|Win32
		{B68B679A-2D21-4386-97C6-8BC4BBD6D77C}.Release|Win32.ActiveCfg = Release|Win32
		{B68B679A-2D21-4386-97C6-8BC4BBD6D77C}.Release|Win32.Build.0 = Release|Win32
		{B68B679A-2D21-4386-97C6-8BC4BBD6D77C}.Release|x64.ActiveCfg = Release|Win32
		{93562B6D-929A-4DC8-B456-69B55E62CB44}.Debug|ARM.ActiveCfg = Debug|Win32
		{93562B6D-929A-4DC8-B456-69B55E62CB44}.Debug|Win32.ActiveCfg = Debug|Win32
		{93562B6D-929A-4DC8-B456-69B55E62CB44}.Debug|Win32.Build.0 = Debug|Win32
		{93562B6D-929A-4DC8-B456-69B55E62CB44}.Debug|x64.ActiveCfg = Debug|Win32
		{93562B6D-929A-4DC8-B456-69B55E62CB44}.Release|ARM.ActiveCfg = Release|Win32
		{93562B6D-929A-4DC8-B456-69B55E62CB44}.Release|Win32.ActiveCfg = Release|Win32
		{93562B6D-929A-4DC8-B456-69B55E62CB44}.Release|Win32.Build.0 = Release|Win32
		{93562B6D-929A-4DC8-B456-69B55E62CB44}.Release|x64.ActiveCfg = Release|Win32
		{232E9946-8C33-4CE9-87D6-A271FBC28C71}.Debug|ARM.ActiveCfg = Debug|Win32
		{232E9946-8C33-4CE9-87D6-A271FBC28C71}.Debug|Win32.ActiveCfg = Debug|Win32
		{232E9946-8C33-4CE9-87D6-A271FBC28C71}.Debug|Win32.Build.0 = Debug|Win32
		{232E9946-8C33-4CE9-87D6-A271FBC28C71}.Debug|x64.ActiveCfg = Debug|Win32
		{232E9946-8C33-4CE9-87D6-A271FBC28C71}.Release|ARM.ActiveCfg = Release|Win32
		{232E9946-8C33-4CE9-87D6-A271FBC28C71}.Release|Win32.ActiveCfg = Release|Win32
		{232E9946-8C33-4CE9-87D6-A271FBC28C71}.Release|Win32.Build.0 = Release|Win32
		{232E9946-8C33-4CE9-87D6-A271FBC28C71}.Release|x64.ActiveCfg = Release|Win32
		{7C2E4540-2D76-435F-84C0-9341715073B5}.Debug|ARM.ActiveCfg = Debug|Win32
		{7C2E4540-2D76-435F-84C0-9341715073B5}.Debug|Win32.ActiveCfg = Debug|Win32
		{7C2E4540-2D76-435F-84C0-9341715073B5}.Debug|Win32.Build.0 = Debug|Win32
		{7C2E4540-2D76-435F-84C0-9341715073B5}.Debug|x64.ActiveCfg = Debug|Win32
		{7C2E4540-2D76-435F-84C0-9341715073B5}.Release|ARM.ActiveCfg = Release|Win32
		{7C2E4540-2D76-435F-84C0-9341715073B5}.Release|Win32.ActiveCfg = Release|Win32
		{7C2E4540-2D76-435F-84C0-9341715073B5}.Release|Win32.Build.0 = Release|Win32
		{7C2E4540-2D76-435F-84C0-9341715073B5}.Release|x64.ActiveCfg = Release|Win32
		{11FE3B51-9352-416D-AE84-41670742B26B}.Debug|ARM.ActiveCfg = Debug|Win32
		{11FE3B51-9352-416D-AE84-41670742B26B}.Debug|Win32.ActiveCfg = Debug|Win32
		{11FE3B51-9352-416D-AE84-41670742B26B}.Debug|Win32.Build.0 = Debug|Win32
		{11FE3B51-9352-416D-AE84-41670742B26B}.Debug|x64.ActiveCfg = Debug|Win32
		{11FE3B51-9352-416D-AE84-41670742B26B}.Release|ARM.ActiveCfg = Release|Win32
		{11FE3B51-9352-416D-AE84-41670742B26B}.Release|Win32.ActiveCfg = Release|Win32
		{11FE3B51-9352-416D-AE84-41670742B26B}.Release|Win32.Build.0 = Release|Win32
		{11FE3B51-9352-416D-AE84-41670742B26B}.Release|x64.ActiveCfg = Release|Win32
		{7E3C6C26-EA0D-43F2-8F06-C2465DE47538}.Debug|ARM.ActiveCfg = Debug|Win32
		{7E3C6C26-EA0D-43F2-8F06-C2465DE47538}.Debug|Win32.ActiveCfg = Debug|Win32
		{7E3C6C26-EA0D-43F2-8F06-C2465DE47538}.Debug|Win32.Build.0 = Debug|Win32
		{7E3C6C26-EA0D-43F2-8F06-C2465DE47538}.Debug|x64.ActiveCfg = Debug|Win32
		{7E3C6C26-EA0D-43F2-8F06-C2465DE47538}.Release|ARM.ActiveCfg = Release|Win32
		{7E3C6C26-EA0D-43F2-8F06-C2465DE47538}.Release|Win32.ActiveCfg = Release|Win32
		{7E3C6C26-EA0D-43F2-8F06-C2465DE47538}.Release|Win32.Build.0 = Release|Win32
		{7E3C6C26-EA0D-43F2-8F06-C2465DE47538}.Release|x64.ActiveCfg = Release|Win32
		{63E04876-1303-4071-BBD7-AD65B3BD8E59}.Debug|ARM.ActiveCfg = Debug|Win32
		{63E04876-1303-4071-BBD7-AD65B3BD8E59}.Debug|Win32.ActiveCfg = Debug|Win32
		{63E04876-1303-4071-BBD7-AD65B3BD8E59}.Debug|Win32.Build.0 = Debug|Win32
		{63E04876-1303-4071-BBD7-AD65B3BD8E59}.Debug|x64.ActiveCfg = Debug|Win32
		{63E04876-1303-4071-BBD7-AD65B3BD8E59}.Release|ARM.ActiveCfg = Release|Win32
		{63E04876-1303-4071-BBD7-AD65B3BD8E59}.Release|Win32.ActiveCfg = Release|Win32
		{63E04876-1303-4071-BBD7-AD65B3BD8E59}.Release|Win32.Build.0 = Release|Win32
		{63E04876-1303-4071-BBD7-AD65B3BD8E59}.Release|x64.ActiveCfg = Release|Win32
		{E429FB44-8F74-40A4-B93A-226393FD4C9C}.Debug|ARM.ActiveCfg = Debug|Win32
		{E429FB44-8F74-40A4-B93A-226393FD4C9C}.Debug|Win32.ActiveCfg = Debug|Win32
		{E429FB44-8F74-40A4-B93A-226393FD4C9C}.Debug|Win32.Build.0 = Debug|Win32
		{E429FB44-8F74-40A4-B93A-226393FD4C9C}.Debug|x64.ActiveCfg = Debug|Win32
		{E429FB44-8F74-40A4-B93A-226393FD4C9C}.Release|ARM.ActiveCfg = Release|Win32
		{E429FB44-8F74-40A4-B93A-226393FD4C9C}.Release|Win32.ActiveCfg = Release|Win32
		{E429FB44-8F74-40A4-B93A-226393FD4C9C}.Release|Win32.Build.0 = Release|Win32
		{E429FB44-8F74-40A4-B93A-226393FD4C9C}.Release|x64.ActiveCfg = Release|Win32
		{76E9C933-28F7-4A15-BBC1-86D9E26BF6FB}.Debug|ARM.ActiveCfg = Debug|Win32
		{76E9C933-28F7-4A15-BBC1-86D9E26BF6FB}.Debug|Win32.ActiveCfg = Debug|Win32
		{76E9C933-28F7-4A15-BBC1-86D9E26BF6FB}.Debug|Win32.Build.0 = Debug|Win32
		{76E9C933-28F7-4A15-BBC1-86D9E26BF6FB}.Debug|x64.ActiveCfg = Debug|Win32
		{76E9C933-28F7-4A15-BBC1-86D9E26BF6FB}.Release|ARM.ActiveCfg = Release|Win32
		{76E9C933-28F7-4A15-BBC1-86D9E26BF6FB}.Release|Win32.ActiveCfg = Release|Win32
		{76E9C933-28F7-4A15-BBC1-86D9E26BF6FB}.Release|Win32.Build.0 = Release|Win32
		{76E9C933-28F7-4A15-BBC1-86D9E26BF6FB}.Release|x64.ActiveCfg = Release|Win32
		{8F32E349-2B31-4492-8760-CF18C5EA8B48}.Debug|ARM.ActiveCfg = Debug|Win32
		{8F32E349-2B31-4492-8760-CF18C5EA8B48}.Debug|Win32.ActiveCfg = Debug|Win32
		{8F32E349-2B31-4492-8760-CF18C5EA8B48}.Debug|Win32.Build.0 = Debug|Win32
		{8F32E349-2B31-4492-8760-CF18C5EA8B48}.Debug|x64.ActiveCfg = Debug|Win32
		{8F32E349-2B31-4492-8760-CF18C5EA8B48}.Release|ARM.ActiveCfg = Release|Win32
		{8F32E349-2B31-4492-8760-CF18C5EA8B48}.Release|Win32.ActiveCfg = Release|Win32
		{8F32E349-2B31-4492-8760-CF18C5EA8B48}.Release|Win32.Build.0 = Release|Win32
		{8F32E349-2B31-4492-8760-CF18C5EA8B48}.Release|x64.ActiveCfg = Release|Win32
		{FD78F241-61E1-4B61-99F2-EA91861EEA02}.Debug|ARM.ActiveCfg = Debug|Win32
		{FD78F241-61E1-4B61-99F2-EA91861EEA02}.Debug|Win32.ActiveCfg = Debug|Win32
		{FD78F241-61E1-4B61-99F2-EA91861EEA02}.Debug|Win32.Build.0 = Debug|Win32
		{FD78F241-61E1-4B61-99F2-EA91861EEA02}.Debug|x64.ActiveCfg = Debug|x64
		{FD78F241-61E1-4B61-99F2-EA91861EEA02}.Debug|x64.Build.0 = Debug|x64
		{FD78F241-61E1-4B61-99F2-EA91861EEA02}.Release|ARM.ActiveCfg = Release|Win32
		{FD78F241-61E1-4B61-99F2-EA91861EEA02}.Release|Win32.ActiveCfg = Release|Win32
		{FD78F241-61E1-4B61-99F2-EA91861EEA02}.Release|Win32.Build.0 = Release|Win32
		{FD78F241-61E1-4B61-99F2-EA91861EEA02}.Release|x64.ActiveCfg = Release|x64
		{FD78F241-61E1-4B61-99F2-EA91861EEA02}.Release|x64.Build.0 = Release|x64
		{8F948F29-80F4-429A-A326-43EE548B5188}.Debug|ARM.ActiveCfg = Debug|Win32
		{8F948F29-80F4-429A-A326-43EE548B5188}.Debug|Win32.ActiveCfg = Debug|Win32
		{8F948F29-80F4-429A-A326-43EE548B5188}.Debug|Win32.Build.0 = Debug|Win32
		{8F948F29-80F4-429A-A326-43EE548B5188}.Debug|x64.ActiveCfg = Debug|x64
		{8F948F29-80F4-429A-A326-43EE548B5188}.Debug|x64.Build.0 = Debug|x64
		{8F948F29-80F4-429A-A326-43EE548B5188}.Release|ARM.ActiveCfg = Release|Win32
		{8F948F29-80F4-429A-A326-43EE548B5188}.Release|Win32.ActiveCfg = Release|Win32
		{8F948F29-80F4-429A-A326-43EE548B5188}.Release|Win32.Build.0 = Release|Win32
		{8F948F29-80F4-429A-A326-43EE548B5188}.Release|x64.ActiveCfg = Release|x64
		{8F948F29-80F4-429A-A326-43EE548B5188}.Release|x64.Build.0 = Release|x64
		{418420D4-B119-47CB-95CB-0CF6B3EF670D}.Debug|ARM.ActiveCfg = Debug|Win32
		{418420D4-B119-47CB-95CB-0CF6B3EF670D}.Debug|Win32.ActiveCfg = Debug|Win32
		{418420D4-B119-47CB-95CB-0CF6B3EF670D}.Debug|Win32.Build.0 = Debug|Win32
		{418420D4-B119-47CB-95CB-0CF6B3EF670D}.Debug|x64.ActiveCfg = Debug|x64
		{418420D4-B119-47CB-95CB-0CF6B3EF670D}.Debug|x64.Build.0 = Debug|x64
		{418420D4-B119-47CB-95CB-0CF6B3EF670D}.Release|ARM.ActiveCfg = Release|Win32
		{418420D4-B119-47CB-95CB-0CF6B3EF670D}.Release|Win32.ActiveCfg = Release|Win32
		{418420D4-B119-47CB-95CB-0CF6B3EF670D}.Release|Win32.Build.0 = Release|Win32
		{418420D4-B119-47CB-95CB-0CF6B3EF670D}.Release|x64.ActiveCfg = Release|x64
		{418420D4-B119-47CB-95CB-0CF6B3EF670D}.Release|x64.Build.0 = Release|x64
		{4952DE10-1282-4BF9-A6E1-56FF8362D58D}.Debug|ARM.ActiveCfg = Debug|Win32
		{4952DE10-1282-4BF9-A6E1-56FF8362D58D}.Debug|Win32.ActiveCfg = Debug|Win32
		{4952DE10-1282-4BF9-A6E1-56FF8362D58D}.Debug|Win32.Build.0 = Debug|Win32
		{4952DE10-1282-4BF9-A6E1-56FF8362D58D}.Debug|x64.ActiveCfg = Debug|x64
		{4952DE10-1282-4BF9-A6E1-56FF8362D58D}.Debug|x64.Build.0 = Debug|x64
		{4952DE10-1282-4BF9-A6E1-56FF8362D58D}.Release|ARM.ActiveCfg = Release|Win32
		{4952DE10-1282-4BF9-A6E1-56FF8362D58D}.Release|Win32.ActiveCfg = Release|Win32
		{4952DE10-1282-4BF9-A6E1-56FF8362D58D}.Release|Win32.Build.0 = Release|Win32
		{4952DE10-1282-4BF9-A6E1-56FF8362D58D}.Release|x64.ActiveCfg = Release|x64
		{4952DE10-1282-4BF9-A6E1-56FF8362D58D}.Release|x64.Build.0 = Release|x64
	EndGlobalSection
	GlobalSection(SolutionProperties) = preSolution
		HideSolutionNode = FALSE
	EndGlobalSection
EndGlobal
